
Microsoft Visual Studio Solution File, Format Version 12.00
# Visual Studio Version 17
VisualStudioVersion = 17.6.33815.320
MinimumVisualStudioVersion = 10.0.40219.1
Project("{FAE04EC0-301F-11D3-BF4B-00C04F79EFBC}") = "Constructores y Destructores", "Constructores y Destructores\Constructores y Destructores.csproj", "{9E942948-75C4-4FD7-AEDE-AB4732A57C12}"
EndProject
Global
	GlobalSection(SolutionConfigurationPlatforms) = preSolution
		Debug|Any CPU = Debug|Any CPU
		Release|Any CPU = Release|Any CPU
	EndGlobalSection
	GlobalSection(ProjectConfigurationPlatforms) = postSolution
		{9E942948-75C4-4FD7-AEDE-AB4732A57C12}.Debug|Any CPU.ActiveCfg = Debug|Any CPU
		{9E942948-75C4-4FD7-AEDE-AB4732A57C12}.Debug|Any CPU.Build.0 = Debug|Any CPU
		{9E942948-75C4-4FD7-AEDE-AB4732A57C12}.Release|Any CPU.ActiveCfg = Release|Any CPU
		{9E942948-75C4-4FD7-AEDE-AB4732A57C12}.Release|Any CPU.Build.0 = Release|Any CPU
	EndGlobalSection
	GlobalSection(SolutionProperties) = preSolution
		HideSolutionNode = FALSE
	EndGlobalSection
	GlobalSection(ExtensibilityGlobals) = postSolution
		SolutionGuid = {7D0C021D-3290-4ED5-925F-C833D40A1498}
	EndGlobalSection
EndGlobal
